// !$*UTF8*$!
{
	archiveVersion = 1;
	classes = {
	};
	objectVersion = 56;
	objects = {

/* Begin PBXBuildFile section */
		008AD84729BC0B2400F503AE /* Resume_AppApp.swift in Sources */ = {isa = PBXBuildFile; fileRef = 008AD84629BC0B2400F503AE /* Resume_AppApp.swift */; };
		008AD84929BC0B2400F503AE /* ContentView.swift in Sources */ = {isa = PBXBuildFile; fileRef = 008AD84829BC0B2400F503AE /* ContentView.swift */; };
		008AD84B29BC0B2800F503AE /* Assets.xcassets in Resources */ = {isa = PBXBuildFile; fileRef = 008AD84A29BC0B2800F503AE /* Assets.xcassets */; };
		008AD84E29BC0B2800F503AE /* Preview Assets.xcassets in Resources */ = {isa = PBXBuildFile; fileRef = 008AD84D29BC0B2800F503AE /* Preview Assets.xcassets */; };
		008AD85829BC0B2800F503AE /* Resume_AppTests.swift in Sources */ = {isa = PBXBuildFile; fileRef = 008AD85729BC0B2800F503AE /* Resume_AppTests.swift */; };
		008AD86229BC0B2800F503AE /* Resume_AppUITests.swift in Sources */ = {isa = PBXBuildFile; fileRef = 008AD86129BC0B2800F503AE /* Resume_AppUITests.swift */; };
		008AD86429BC0B2800F503AE /* Resume_AppUITestsLaunchTests.swift in Sources */ = {isa = PBXBuildFile; fileRef = 008AD86329BC0B2800F503AE /* Resume_AppUITestsLaunchTests.swift */; };
		008AD87229BC0BBC00F503AE /* View1.swift in Sources */ = {isa = PBXBuildFile; fileRef = 008AD87129BC0BBC00F503AE /* View1.swift */; };
		008AD87429BC0BC900F503AE /* View2.swift in Sources */ = {isa = PBXBuildFile; fileRef = 008AD87329BC0BC900F503AE /* View2.swift */; };
		008AD87629BC0BD800F503AE /* View3.swift in Sources */ = {isa = PBXBuildFile; fileRef = 008AD87529BC0BD800F503AE /* View3.swift */; };
		00E4D39029BD2B9800AEAAED /* View4.swift in Sources */ = {isa = PBXBuildFile; fileRef = 00E4D38F29BD2B9800AEAAED /* View4.swift */; };
		00E4D39229BD2BA400AEAAED /* View5.swift in Sources */ = {isa = PBXBuildFile; fileRef = 00E4D39129BD2BA400AEAAED /* View5.swift */; };
		00E4D39429BD2BB100AEAAED /* View6.swift in Sources */ = {isa = PBXBuildFile; fileRef = 00E4D39329BD2BB100AEAAED /* View6.swift */; };
		00E4D39629BD2BBE00AEAAED /* View7.swift in Sources */ = {isa = PBXBuildFile; fileRef = 00E4D39529BD2BBE00AEAAED /* View7.swift */; };
/* End PBXBuildFile section */

/* Begin PBXContainerItemProxy section */
		008AD85429BC0B2800F503AE /* PBXContainerItemProxy */ = {
			isa = PBXContainerItemProxy;
			containerPortal = 008AD83B29BC0B2400F503AE /* Project object */;
			proxyType = 1;
			remoteGlobalIDString = 008AD84229BC0B2400F503AE;
			remoteInfo = "Resume App";
		};
		008AD85E29BC0B2800F503AE /* PBXContainerItemProxy */ = {
			isa = PBXContainerItemProxy;
			containerPortal = 008AD83B29BC0B2400F503AE /* Project object */;
			proxyType = 1;
			remoteGlobalIDString = 008AD84229BC0B2400F503AE;
			remoteInfo = "Resume App";
		};
/* End PBXContainerItemProxy section */

/* Begin PBXFileReference section */
		008AD84329BC0B2400F503AE /* Resume App.app */ = {isa = PBXFileReference; explicitFileType = wrapper.application; includeInIndex = 0; path = "Resume App.app"; sourceTree = BUILT_PRODUCTS_DIR; };
		008AD84629BC0B2400F503AE /* Resume_AppApp.swift */ = {isa = PBXFileReference; lastKnownFileType = sourcecode.swift; path = Resume_AppApp.swift; sourceTree = "<group>"; };
		008AD84829BC0B2400F503AE /* ContentView.swift */ = {isa = PBXFileReference; lastKnownFileType = sourcecode.swift; path = ContentView.swift; sourceTree = "<group>"; };
		008AD84A29BC0B2800F503AE /* Assets.xcassets */ = {isa = PBXFileReference; lastKnownFileType = folder.assetcatalog; path = Assets.xcassets; sourceTree = "<group>"; };
		008AD84D29BC0B2800F503AE /* Preview Assets.xcassets */ = {isa = PBXFileReference; lastKnownFileType = folder.assetcatalog; path = "Preview Assets.xcassets"; sourceTree = "<group>"; };
		008AD85329BC0B2800F503AE /* Resume AppTests.xctest */ = {isa = PBXFileReference; explicitFileType = wrapper.cfbundle; includeInIndex = 0; path = "Resume AppTests.xctest"; sourceTree = BUILT_PRODUCTS_DIR; };
		008AD85729BC0B2800F503AE /* Resume_AppTests.swift */ = {isa = PBXFileReference; lastKnownFileType = sourcecode.swift; path = Resume_AppTests.swift; sourceTree = "<group>"; };
		008AD85D29BC0B2800F503AE /* Resume AppUITests.xctest */ = {isa = PBXFileReference; explicitFileType = wrapper.cfbundle; includeInIndex = 0; path = "Resume AppUITests.xctest"; sourceTree = BUILT_PRODUCTS_DIR; };
		008AD86129BC0B2800F503AE /* Resume_AppUITests.swift */ = {isa = PBXFileReference; lastKnownFileType = sourcecode.swift; path = Resume_AppUITests.swift; sourceTree = "<group>"; };
		008AD86329BC0B2800F503AE /* Resume_AppUITestsLaunchTests.swift */ = {isa = PBXFileReference; lastKnownFileType = sourcecode.swift; path = Resume_AppUITestsLaunchTests.swift; sourceTree = "<group>"; };
		008AD87129BC0BBC00F503AE /* View1.swift */ = {isa = PBXFileReference; lastKnownFileType = sourcecode.swift; path = View1.swift; sourceTree = "<group>"; };
		008AD87329BC0BC900F503AE /* View2.swift */ = {isa = PBXFileReference; lastKnownFileType = sourcecode.swift; path = View2.swift; sourceTree = "<group>"; };
		008AD87529BC0BD800F503AE /* View3.swift */ = {isa = PBXFileReference; lastKnownFileType = sourcecode.swift; path = View3.swift; sourceTree = "<group>"; };
		00E4D38F29BD2B9800AEAAED /* View4.swift */ = {isa = PBXFileReference; lastKnownFileType = sourcecode.swift; path = View4.swift; sourceTree = "<group>"; };
		00E4D39129BD2BA400AEAAED /* View5.swift */ = {isa = PBXFileReference; lastKnownFileType = sourcecode.swift; path = View5.swift; sourceTree = "<group>"; };
		00E4D39329BD2BB100AEAAED /* View6.swift */ = {isa = PBXFileReference; lastKnownFileType = sourcecode.swift; path = View6.swift; sourceTree = "<group>"; };
		00E4D39529BD2BBE00AEAAED /* View7.swift */ = {isa = PBXFileReference; lastKnownFileType = sourcecode.swift; path = View7.swift; sourceTree = "<group>"; };
/* End PBXFileReference section */

/* Begin PBXFrameworksBuildPhase section */
		008AD84029BC0B2400F503AE /* Frameworks */ = {
			isa = PBXFrameworksBuildPhase;
			buildActionMask = 2147483647;
			files = (
			);
			runOnlyForDeploymentPostprocessing = 0;
		};
		008AD85029BC0B2800F503AE /* Frameworks */ = {
			isa = PBXFrameworksBuildPhase;
			buildActionMask = 2147483647;
			files = (
			);
			runOnlyForDeploymentPostprocessing = 0;
		};
		008AD85A29BC0B2800F503AE /* Frameworks */ = {
			isa = PBXFrameworksBuildPhase;
			buildActionMask = 2147483647;
			files = (
			);
			runOnlyForDeploymentPostprocessing = 0;
		};
/* End PBXFrameworksBuildPhase section */

/* Begin PBXGroup section */
		008AD83A29BC0B2400F503AE = {
			isa = PBXGroup;
			children = (
				008AD84529BC0B2400F503AE /* Resume App */,
				008AD85629BC0B2800F503AE /* Resume AppTests */,
				008AD86029BC0B2800F503AE /* Resume AppUITests */,
				008AD84429BC0B2400F503AE /* Products */,
			);
			sourceTree = "<group>";
		};
		008AD84429BC0B2400F503AE /* Products */ = {
			isa = PBXGroup;
			children = (
				008AD84329BC0B2400F503AE /* Resume App.app */,
				008AD85329BC0B2800F503AE /* Resume AppTests.xctest */,
				008AD85D29BC0B2800F503AE /* Resume AppUITests.xctest */,
			);
			name = Products;
			sourceTree = "<group>";
		};
		008AD84529BC0B2400F503AE /* Resume App */ = {
			isa = PBXGroup;
			children = (
				008AD84629BC0B2400F503AE /* Resume_AppApp.swift */,
				008AD84829BC0B2400F503AE /* ContentView.swift */,
				008AD87029BC0B9D00F503AE /* Views */,
				008AD84A29BC0B2800F503AE /* Assets.xcassets */,
				008AD84C29BC0B2800F503AE /* Preview Content */,
			);
			path = "Resume App";
			sourceTree = "<group>";
		};
		008AD84C29BC0B2800F503AE /* Preview Content */ = {
			isa = PBXGroup;
			children = (
				008AD84D29BC0B2800F503AE /* Preview Assets.xcassets */,
			);
			path = "Preview Content";
			sourceTree = "<group>";
		};
		008AD85629BC0B2800F503AE /* Resume AppTests */ = {
			isa = PBXGroup;
			children = (
				008AD85729BC0B2800F503AE /* Resume_AppTests.swift */,
			);
			path = "Resume AppTests";
			sourceTree = "<group>";
		};
		008AD86029BC0B2800F503AE /* Resume AppUITests */ = {
			isa = PBXGroup;
			children = (
				008AD86129BC0B2800F503AE /* Resume_AppUITests.swift */,
				008AD86329BC0B2800F503AE /* Resume_AppUITestsLaunchTests.swift */,
			);
			path = "Resume AppUITests";
			sourceTree = "<group>";
		};
		008AD87029BC0B9D00F503AE /* Views */ = {
			isa = PBXGroup;
			children = (
				008AD87129BC0BBC00F503AE /* View1.swift */,
				008AD87329BC0BC900F503AE /* View2.swift */,
				008AD87529BC0BD800F503AE /* View3.swift */,
				00E4D38F29BD2B9800AEAAED /* View4.swift */,
				00E4D39129BD2BA400AEAAED /* View5.swift */,
				00E4D39329BD2BB100AEAAED /* View6.swift */,
				00E4D39529BD2BBE00AEAAED /* View7.swift */,
			);
			path = Views;
			sourceTree = "<group>";
		};
/* End PBXGroup section */

/* Begin PBXNativeTarget section */
		008AD84229BC0B2400F503AE /* Resume App */ = {
			isa = PBXNativeTarget;
			buildConfigurationList = 008AD86729BC0B2800F503AE /* Build configuration list for PBXNativeTarget "Resume App" */;
			buildPhases = (
				008AD83F29BC0B2400F503AE /* Sources */,
				008AD84029BC0B2400F503AE /* Frameworks */,
				008AD84129BC0B2400F503AE /* Resources */,
			);
			buildRules = (
			);
			dependencies = (
			);
			name = "Resume App";
			productName = "Resume App";
			productReference = 008AD84329BC0B2400F503AE /* Resume App.app */;
			productType = "com.apple.product-type.application";
		};
		008AD85229BC0B2800F503AE /* Resume AppTests */ = {
			isa = PBXNativeTarget;
			buildConfigurationList = 008AD86A29BC0B2800F503AE /* Build configuration list for PBXNativeTarget "Resume AppTests" */;
			buildPhases = (
				008AD84F29BC0B2800F503AE /* Sources */,
				008AD85029BC0B2800F503AE /* Frameworks */,
				008AD85129BC0B2800F503AE /* Resources */,
			);
			buildRules = (
			);
			dependencies = (
				008AD85529BC0B2800F503AE /* PBXTargetDependency */,
			);
			name = "Resume AppTests";
			productName = "Resume AppTests";
			productReference = 008AD85329BC0B2800F503AE /* Resume AppTests.xctest */;
			productType = "com.apple.product-type.bundle.unit-test";
		};
		008AD85C29BC0B2800F503AE /* Resume AppUITests */ = {
			isa = PBXNativeTarget;
			buildConfigurationList = 008AD86D29BC0B2800F503AE /* Build configuration list for PBXNativeTarget "Resume AppUITests" */;
			buildPhases = (
				008AD85929BC0B2800F503AE /* Sources */,
				008AD85A29BC0B2800F503AE /* Frameworks */,
				008AD85B29BC0B2800F503AE /* Resources */,
			);
			buildRules = (
			);
			dependencies = (
				008AD85F29BC0B2800F503AE /* PBXTargetDependency */,
			);
			name = "Resume AppUITests";
			productName = "Resume AppUITests";
			productReference = 008AD85D29BC0B2800F503AE /* Resume AppUITests.xctest */;
			productType = "com.apple.product-type.bundle.ui-testing";
		};
/* End PBXNativeTarget section */

/* Begin PBXProject section */
		008AD83B29BC0B2400F503AE /* Project object */ = {
			isa = PBXProject;
			attributes = {
				BuildIndependentTargetsInParallel = 1;
				LastSwiftUpdateCheck = 1420;
				LastUpgradeCheck = 1420;
				TargetAttributes = {
					008AD84229BC0B2400F503AE = {
						CreatedOnToolsVersion = 14.2;
					};
					008AD85229BC0B2800F503AE = {
						CreatedOnToolsVersion = 14.2;
						TestTargetID = 008AD84229BC0B2400F503AE;
					};
					008AD85C29BC0B2800F503AE = {
						CreatedOnToolsVersion = 14.2;
						TestTargetID = 008AD84229BC0B2400F503AE;
					};
				};
			};
			buildConfigurationList = 008AD83E29BC0B2400F503AE /* Build configuration list for PBXProject "Resume App" */;
			compatibilityVersion = "Xcode 14.0";
			developmentRegion = en;
			hasScannedForEncodings = 0;
			knownRegions = (
				en,
				Base,
			);
			mainGroup = 008AD83A29BC0B2400F503AE;
			productRefGroup = 008AD84429BC0B2400F503AE /* Products */;
			projectDirPath = "";
			projectRoot = "";
			targets = (
				008AD84229BC0B2400F503AE /* Resume App */,
				008AD85229BC0B2800F503AE /* Resume AppTests */,
				008AD85C29BC0B2800F503AE /* Resume AppUITests */,
			);
		};
/* End PBXProject section */

/* Begin PBXResourcesBuildPhase section */
		008AD84129BC0B2400F503AE /* Resources */ = {
			isa = PBXResourcesBuildPhase;
			buildActionMask = 2147483647;
			files = (
				008AD84E29BC0B2800F503AE /* Preview Assets.xcassets in Resources */,
				008AD84B29BC0B2800F503AE /* Assets.xcassets in Resources */,
			);
			runOnlyForDeploymentPostprocessing = 0;
		};
		008AD85129BC0B2800F503AE /* Resources */ = {
			isa = PBXResourcesBuildPhase;
			buildActionMask = 2147483647;
			files = (
			);
			runOnlyForDeploymentPostprocessing = 0;
		};
		008AD85B29BC0B2800F503AE /* Resources */ = {
			isa = PBXResourcesBuildPhase;
			buildActionMask = 2147483647;
			files = (
			);
			runOnlyForDeploymentPostprocessing = 0;
		};
/* End PBXResourcesBuildPhase section */

/* Begin PBXSourcesBuildPhase section */
		008AD83F29BC0B2400F503AE /* Sources */ = {
			isa = PBXSourcesBuildPhase;
			buildActionMask = 2147483647;
			files = (
				008AD84929BC0B2400F503AE /* ContentView.swift in Sources */,
				00E4D39029BD2B9800AEAAED /* View4.swift in Sources */,
				008AD87629BC0BD800F503AE /* View3.swift in Sources */,
				008AD87229BC0BBC00F503AE /* View1.swift in Sources */,
				00E4D39629BD2BBE00AEAAED /* View7.swift in Sources */,
				008AD84729BC0B2400F503AE /* Resume_AppApp.swift in Sources */,
				00E4D39229BD2BA400AEAAED /* View5.swift in Sources */,
				008AD87429BC0BC900F503AE /* View2.swift in Sources */,
				00E4D39429BD2BB100AEAAED /* View6.swift in Sources */,
			);
			runOnlyForDeploymentPostprocessing = 0;
		};
		008AD84F29BC0B2800F503AE /* Sources */ = {
			isa = PBXSourcesBuildPhase;
			buildActionMask = 2147483647;
			files = (
				008AD85829BC0B2800F503AE /* Resume_AppTests.swift in Sources */,
			);
			runOnlyForDeploymentPostprocessing = 0;
		};
		008AD85929BC0B2800F503AE /* Sources */ = {
			isa = PBXSourcesBuildPhase;
			buildActionMask = 2147483647;
			files = (
				008AD86229BC0B2800F503AE /* Resume_AppUITests.swift in Sources */,
				008AD86429BC0B2800F503AE /* Resume_AppUITestsLaunchTests.swift in Sources */,
			);
			runOnlyForDeploymentPostprocessing = 0;
		};
/* End PBXSourcesBuildPhase section */

/* Begin PBXTargetDependency section */
		008AD85529BC0B2800F503AE /* PBXTargetDependency */ = {
			isa = PBXTargetDependency;
			target = 008AD84229BC0B2400F503AE /* Resume App */;
			targetProxy = 008AD85429BC0B2800F503AE /* PBXContainerItemProxy */;
		};
		008AD85F29BC0B2800F503AE /* PBXTargetDependency */ = {
			isa = PBXTargetDependency;
			target = 008AD84229BC0B2400F503AE /* Resume App */;
			targetProxy = 008AD85E29BC0B2800F503AE /* PBXContainerItemProxy */;
		};
/* End PBXTargetDependency section */

/* Begin XCBuildConfiguration section */
		008AD86529BC0B2800F503AE /* Debug */ = {
			isa = XCBuildConfiguration;
			buildSettings = {
				ALWAYS_SEARCH_USER_PATHS = NO;
				CLANG_ANALYZER_NONNULL = YES;
				CLANG_ANALYZER_NUMBER_OBJECT_CONVERSION = YES_AGGRESSIVE;
				CLANG_CXX_LANGUAGE_STANDARD = "gnu++20";
				CLANG_ENABLE_MODULES = YES;
				CLANG_ENABLE_OBJC_ARC = YES;
				CLANG_ENABLE_OBJC_WEAK = YES;
				CLANG_WARN_BLOCK_CAPTURE_AUTORELEASING = YES;
				CLANG_WARN_BOOL_CONVERSION = YES;
				CLANG_WARN_COMMA = YES;
				CLANG_WARN_CONSTANT_CONVERSION = YES;
				CLANG_WARN_DEPRECATED_OBJC_IMPLEMENTATIONS = YES;
				CLANG_WARN_DIRECT_OBJC_ISA_USAGE = YES_ERROR;
				CLANG_WARN_DOCUMENTATION_COMMENTS = YES;
				CLANG_WARN_EMPTY_BODY = YES;
				CLANG_WARN_ENUM_CONVERSION = YES;
				CLANG_WARN_INFINITE_RECURSION = YES;
				CLANG_WARN_INT_CONVERSION = YES;
				CLANG_WARN_NON_LITERAL_NULL_CONVERSION = YES;
				CLANG_WARN_OBJC_IMPLICIT_RETAIN_SELF = YES;
				CLANG_WARN_OBJC_LITERAL_CONVERSION = YES;
				CLANG_WARN_OBJC_ROOT_CLASS = YES_ERROR;
				CLANG_WARN_QUOTED_INCLUDE_IN_FRAMEWORK_HEADER = YES;
				CLANG_WARN_RANGE_LOOP_ANALYSIS = YES;
				CLANG_WARN_STRICT_PROTOTYPES = YES;
				CLANG_WARN_SUSPICIOUS_MOVE = YES;
				CLANG_WARN_UNGUARDED_AVAILABILITY = YES_AGGRESSIVE;
				CLANG_WARN_UNREACHABLE_CODE = YES;
				CLANG_WARN__DUPLICATE_METHOD_MATCH = YES;
				COPY_PHASE_STRIP = NO;
				DEBUG_INFORMATION_FORMAT = dwarf;
				ENABLE_STRICT_OBJC_MSGSEND = YES;
				ENABLE_TESTABILITY = YES;
				GCC_C_LANGUAGE_STANDARD = gnu11;
				GCC_DYNAMIC_NO_PIC = NO;
				GCC_NO_COMMON_BLOCKS = YES;
				GCC_OPTIMIZATION_LEVEL = 0;
				GCC_PREPROCESSOR_DEFINITIONS = (
					"DEBUG=1",
					"$(inherited)",
				);
				GCC_WARN_64_TO_32_BIT_CONVERSION = YES;
				GCC_WARN_ABOUT_RETURN_TYPE = YES_ERROR;
				GCC_WARN_UNDECLARED_SELECTOR = YES;
				GCC_WARN_UNINITIALIZED_AUTOS = YES_AGGRESSIVE;
				GCC_WARN_UNUSED_FUNCTION = YES;
				GCC_WARN_UNUSED_VARIABLE = YES;
				IPHONEOS_DEPLOYMENT_TARGET = 16.2;
				MTL_ENABLE_DEBUG_INFO = INCLUDE_SOURCE;
				MTL_FAST_MATH = YES;
				ONLY_ACTIVE_ARCH = YES;
				SDKROOT = iphoneos;
				SWIFT_ACTIVE_COMPILATION_CONDITIONS = DEBUG;
				SWIFT_OPTIMIZATION_LEVEL = "-Onone";
			};
			name = Debug;
		};
		008AD86629BC0B2800F503AE /* Release */ = {
			isa = XCBuildConfiguration;
			buildSettings = {
				ALWAYS_SEARCH_USER_PATHS = NO;
				CLANG_ANALYZER_NONNULL = YES;
				CLANG_ANALYZER_NUMBER_OBJECT_CONVERSION = YES_AGGRESSIVE;
				CLANG_CXX_LANGUAGE_STANDARD = "gnu++20";
				CLANG_ENABLE_MODULES = YES;
				CLANG_ENABLE_OBJC_ARC = YES;
				CLANG_ENABLE_OBJC_WEAK = YES;
				CLANG_WARN_BLOCK_CAPTURE_AUTORELEASING = YES;
				CLANG_WARN_BOOL_CONVERSION = YES;
				CLANG_WARN_COMMA = YES;
				CLANG_WARN_CONSTANT_CONVERSION = YES;
				CLANG_WARN_DEPRECATED_OBJC_IMPLEMENTATIONS = YES;
				CLANG_WARN_DIRECT_OBJC_ISA_USAGE = YES_ERROR;
				CLANG_WARN_DOCUMENTATION_COMMENTS = YES;
				CLANG_WARN_EMPTY_BODY = YES;
				CLANG_WARN_ENUM_CONVERSION = YES;
				CLANG_WARN_INFINITE_RECURSION = YES;
				CLANG_WARN_INT_CONVERSION = YES;
				CLANG_WARN_NON_LITERAL_NULL_CONVERSION = YES;
				CLANG_WARN_OBJC_IMPLICIT_RETAIN_SELF = YES;
				CLANG_WARN_OBJC_LITERAL_CONVERSION = YES;
				CLANG_WARN_OBJC_ROOT_CLASS = YES_ERROR;
				CLANG_WARN_QUOTED_INCLUDE_IN_FRAMEWORK_HEADER = YES;
				CLANG_WARN_RANGE_LOOP_ANALYSIS = YES;
				CLANG_WARN_STRICT_PROTOTYPES = YES;
				CLANG_WARN_SUSPICIOUS_MOVE = YES;
				CLANG_WARN_UNGUARDED_AVAILABILITY = YES_AGGRESSIVE;
				CLANG_WARN_UNREACHABLE_CODE = YES;
				CLANG_WARN__DUPLICATE_METHOD_MATCH = YES;
				COPY_PHASE_STRIP = NO;
				DEBUG_INFORMATION_FORMAT = "dwarf-with-dsym";
				ENABLE_NS_ASSERTIONS = NO;
				ENABLE_STRICT_OBJC_MSGSEND = YES;
				GCC_C_LANGUAGE_STANDARD = gnu11;
				GCC_NO_COMMON_BLOCKS = YES;
				GCC_WARN_64_TO_32_BIT_CONVERSION = YES;
				GCC_WARN_ABOUT_RETURN_TYPE = YES_ERROR;
				GCC_WARN_UNDECLARED_SELECTOR = YES;
				GCC_WARN_UNINITIALIZED_AUTOS = YES_AGGRESSIVE;
				GCC_WARN_UNUSED_FUNCTION = YES;
				GCC_WARN_UNUSED_VARIABLE = YES;
				IPHONEOS_DEPLOYMENT_TARGET = 16.2;
				MTL_ENABLE_DEBUG_INFO = NO;
				MTL_FAST_MATH = YES;
				SDKROOT = iphoneos;
				SWIFT_COMPILATION_MODE = wholemodule;
				SWIFT_OPTIMIZATION_LEVEL = "-O";
				VALIDATE_PRODUCT = YES;
			};
			name = Release;
		};
		008AD86829BC0B2800F503AE /* Debug */ = {
			isa = XCBuildConfiguration;
			buildSettings = {
				ASSETCATALOG_COMPILER_APPICON_NAME = AppIcon;
				ASSETCATALOG_COMPILER_GLOBAL_ACCENT_COLOR_NAME = AccentColor;
				CODE_SIGN_STYLE = Automatic;
				CURRENT_PROJECT_VERSION = 1;
				DEVELOPMENT_ASSET_PATHS = "\"Resume App/Preview Content\"";
				DEVELOPMENT_TEAM = XGRR43VXY3;
				ENABLE_PREVIEWS = YES;
				GENERATE_INFOPLIST_FILE = YES;
				INFOPLIST_KEY_UIApplicationSceneManifest_Generation = YES;
				INFOPLIST_KEY_UIApplicationSupportsIndirectInputEvents = YES;
				INFOPLIST_KEY_UILaunchScreen_Generation = YES;
				INFOPLIST_KEY_UISupportedInterfaceOrientations_iPad = "UIInterfaceOrientationPortrait UIInterfaceOrientationPortraitUpsideDown UIInterfaceOrientationLandscapeLeft UIInterfaceOrientationLandscapeRight";
				INFOPLIST_KEY_UISupportedInterfaceOrientations_iPhone = "UIInterfaceOrientationPortrait UIInterfaceOrientationLandscapeLeft UIInterfaceOrientationLandscapeRight";
				LD_RUNPATH_SEARCH_PATHS = (
					"$(inherited)",
					"@executable_path/Frameworks",
				);
				MARKETING_VERSION = 1.0;
				PRODUCT_BUNDLE_IDENTIFIER = "Shmem.Resume-App";
				PRODUCT_NAME = "$(TARGET_NAME)";
				SWIFT_EMIT_LOC_STRINGS = YES;
				SWIFT_VERSION = 5.0;
				TARGETED_DEVICE_FAMILY = "1,2";
			};
			name = Debug;
		};
		008AD86929BC0B2800F503AE /* Release */ = {
			isa = XCBuildConfiguration;
			buildSettings = {
				ASSETCATALOG_COMPILER_APPICON_NAME = AppIcon;
				ASSETCATALOG_COMPILER_GLOBAL_ACCENT_COLOR_NAME = AccentColor;
				CODE_SIGN_STYLE = Automatic;
				CURRENT_PROJECT_VERSION = 1;
				DEVELOPMENT_ASSET_PATHS = "\"Resume App/Preview Content\"";
				DEVELOPMENT_TEAM = XGRR43VXY3;
				ENABLE_PREVIEWS = YES;
				GENERATE_INFOPLIST_FILE = YES;
				INFOPLIST_KEY_UIApplicationSceneManifest_Generation = YES;
				INFOPLIST_KEY_UIApplicationSupportsIndirectInputEvents = YES;
				INFOPLIST_KEY_UILaunchScreen_Generation = YES;
				INFOPLIST_KEY_UISupportedInterfaceOrientations_iPad = "UIInterfaceOrientationPortrait UIInterfaceOrientationPortraitUpsideDown UIInterfaceOrientationLandscapeLeft UIInterfaceOrientationLandscapeRight";
				INFOPLIST_KEY_UISupportedInterfaceOrientations_iPhone = "UIInterfaceOrientationPortrait UIInterfaceOrientationLandscapeLeft UIInterfaceOrientationLandscapeRight";
				LD_RUNPATH_SEARCH_PATHS = (
					"$(inherited)",
					"@executable_path/Frameworks",
				);
				MARKETING_VERSION = 1.0;
				PRODUCT_BUNDLE_IDENTIFIER = "Shmem.Resume-App";
				PRODUCT_NAME = "$(TARGET_NAME)";
				SWIFT_EMIT_LOC_STRINGS = YES;
				SWIFT_VERSION = 5.0;
				TARGETED_DEVICE_FAMILY = "1,2";
			};
			name = Release;
		};
		008AD86B29BC0B2800F503AE /* Debug */ = {
			isa = XCBuildConfiguration;
			buildSettings = {
				ALWAYS_EMBED_SWIFT_STANDARD_LIBRARIES = YES;
				BUNDLE_LOADER = "$(TEST_HOST)";
				CODE_SIGN_STYLE = Automatic;
				CURRENT_PROJECT_VERSION = 1;
				GENERATE_INFOPLIST_FILE = YES;
				IPHONEOS_DEPLOYMENT_TARGET = 16.2;
				MARKETING_VERSION = 1.0;
				PRODUCT_BUNDLE_IDENTIFIER = "Shmem.Resume-AppTests";
				PRODUCT_NAME = "$(TARGET_NAME)";
				SWIFT_EMIT_LOC_STRINGS = NO;
				SWIFT_VERSION = 5.0;
				TARGETED_DEVICE_FAMILY = "1,2";
				TEST_HOST = "$(BUILT_PRODUCTS_DIR)/Resume App.app/$(BUNDLE_EXECUTABLE_FOLDER_PATH)/Resume App";
			};
			name = Debug;
		};
		008AD86C29BC0B2800F503AE /* Release */ = {
			isa = XCBuildConfiguration;
			buildSettings = {
				ALWAYS_EMBED_SWIFT_STANDARD_LIBRARIES = YES;
				BUNDLE_LOADER = "$(TEST_HOST)";
				CODE_SIGN_STYLE = Automatic;
				CURRENT_PROJECT_VERSION = 1;
				GENERATE_INFOPLIST_FILE = YES;
				IPHONEOS_DEPLOYMENT_TARGET = 16.2;
				MARKETING_VERSION = 1.0;
				PRODUCT_BUNDLE_IDENTIFIER = "Shmem.Resume-AppTests";
				PRODUCT_NAME = "$(TARGET_NAME)";
				SWIFT_EMIT_LOC_STRINGS = NO;
				SWIFT_VERSION = 5.0;
				TARGETED_DEVICE_FAMILY = "1,2";
				TEST_HOST = "$(BUILT_PRODUCTS_DIR)/Resume App.app/$(BUNDLE_EXECUTABLE_FOLDER_PATH)/Resume App";
			};
			name = Release;
		};
		008AD86E29BC0B2800F503AE /* Debug */ = {
			isa = XCBuildConfiguration;
			buildSettings = {
				ALWAYS_EMBED_SWIFT_STANDARD_LIBRARIES = YES;
				CODE_SIGN_STYLE = Automatic;
				CURRENT_PROJECT_VERSION = 1;
				GENERATE_INFOPLIST_FILE = YES;
				MARKETING_VERSION = 1.0;
				PRODUCT_BUNDLE_IDENTIFIER = "Shmem.Resume-AppUITests";
				PRODUCT_NAME = "$(TARGET_NAME)";
				SWIFT_EMIT_LOC_STRINGS = NO;
				SWIFT_VERSION = 5.0;
				TARGETED_DEVICE_FAMILY = "1,2";
				TEST_TARGET_NAME = "Resume App";
			};
			name = Debug;
		};
		008AD86F29BC0B2800F503AE /* Release */ = {
			isa = XCBuildConfiguration;
			buildSettings = {
				ALWAYS_EMBED_SWIFT_STANDARD_LIBRARIES = YES;
				CODE_SIGN_STYLE = Automatic;
				CURRENT_PROJECT_VERSION = 1;
				GENERATE_INFOPLIST_FILE = YES;
				MARKETING_VERSION = 1.0;
				PRODUCT_BUNDLE_IDENTIFIER = "Shmem.Resume-AppUITests";
				PRODUCT_NAME = "$(TARGET_NAME)";
				SWIFT_EMIT_LOC_STRINGS = NO;
				SWIFT_VERSION = 5.0;
				TARGETED_DEVICE_FAMILY = "1,2";
				TEST_TARGET_NAME = "Resume App";
			};
			name = Release;
		};
/* End XCBuildConfiguration section */

/* Begin XCConfigurationList section */
		008AD83E29BC0B2400F503AE /* Build configuration list for PBXProject "Resume App" */ = {
			isa = XCConfigurationList;
			buildConfigurations = (
				008AD86529BC0B2800F503AE /* Debug */,
				008AD86629BC0B2800F503AE /* Release */,
			);
			defaultConfigurationIsVisible = 0;
			defaultConfigurationName = Release;
		};
		008AD86729BC0B2800F503AE /* Build configuration list for PBXNativeTarget "Resume App" */ = {
			isa = XCConfigurationList;
			buildConfigurations = (
				008AD86829BC0B2800F503AE /* Debug */,
				008AD86929BC0B2800F503AE /* Release */,
			);
			defaultConfigurationIsVisible = 0;
			defaultConfigurationName = Release;
		};
		008AD86A29BC0B2800F503AE /* Build configuration list for PBXNativeTarget "Resume AppTests" */ = {
			isa = XCConfigurationList;
			buildConfigurations = (
				008AD86B29BC0B2800F503AE /* Debug */,
				008AD86C29BC0B2800F503AE /* Release */,
			);
			defaultConfigurationIsVisible = 0;
			defaultConfigurationName = Release;
		};
		008AD86D29BC0B2800F503AE /* Build configuration list for PBXNativeTarget "Resume AppUITests" */ = {
			isa = XCConfigurationList;
			buildConfigurations = (
				008AD86E29BC0B2800F503AE /* Debug */,
				008AD86F29BC0B2800F503AE /* Release */,
			);
			defaultConfigurationIsVisible = 0;
			defaultConfigurationName = Release;
		};
/* End XCConfigurationList section */
	};
	rootObject = 008AD83B29BC0B2400F503AE /* Project object */;
}
